
Microsoft Visual Studio Solution File, Format Version 12.00
# Visual Studio Version 17
VisualStudioVersion = 17.3.32804.467
MinimumVisualStudioVersion = 10.0.40219.1
Project("{9A19103F-16F7-4668-BE54-9A1E7A4F7556}") = "WoWLauncher", "WoWLauncher\WoWLauncher.csproj", "{974F7850-CA04-4104-9BA5-ED95ECEE6829}"
EndProject
Project("{FAE04EC0-301F-11D3-BF4B-00C04F79EFBC}") = "Updater", "Updater\Updater.csproj", "{E2DBB368-871E-411A-A640-DD94B307BF3A}"
EndProject
Global
	GlobalSection(SolutionConfigurationPlatforms) = preSolution
		Debug|Any CPU = Debug|Any CPU
		Release|Any CPU = Release|Any CPU
	EndGlobalSection
	GlobalSection(ProjectConfigurationPlatforms) = postSolution
		{974F7850-CA04-4104-9BA5-ED95ECEE6829}.Debug|Any CPU.ActiveCfg = Debug|Any CPU
		{974F7850-CA04-4104-9BA5-ED95ECEE6829}.Debug|Any CPU.Build.0 = Debug|Any CPU
		{974F7850-CA04-4104-9BA5-ED95ECEE6829}.Release|Any CPU.ActiveCfg = Release|Any CPU
		{974F7850-CA04-4104-9BA5-ED95ECEE6829}.Release|Any CPU.Build.0 = Release|Any CPU
		{E2DBB368-871E-411A-A640-DD94B307BF3A}.Debug|Any CPU.ActiveCfg = Debug|Any CPU
		{E2DBB368-871E-411A-A640-DD94B307BF3A}.Debug|Any CPU.Build.0 = Debug|Any CPU
		{E2DBB368-871E-411A-A640-DD94B307BF3A}.Release|Any CPU.ActiveCfg = Release|Any CPU
		{E2DBB368-871E-411A-A640-DD94B307BF3A}.Release|Any CPU.Build.0 = Release|Any CPU
	EndGlobalSection
	GlobalSection(SolutionProperties) = preSolution
		HideSolutionNode = FALSE
	EndGlobalSection
	GlobalSection(ExtensibilityGlobals) = postSolution
		SolutionGuid = {67AB3843-3A74-4FC1-A248-D64FB18EADA1}
	EndGlobalSection
EndGlobal
